
Microsoft Visual Studio Solution File, Format Version 12.00
# Visual Studio Version 17
VisualStudioVersion = 17.3.32825.248
MinimumVisualStudioVersion = 10.0.40219.1
Project("{FAE04EC0-301F-11D3-BF4B-00C04F79EFBC}") = "[Cocktail Shaker Visualizer] Term 3_Prog2_PP03_Romero", "[Cocktail Shaker Visualizer] Term 3_Prog2_PP03_Romero\[Cocktail Shaker Visualizer] Term 3_Prog2_PP03_Romero.csproj", "{3DAD65BA-C621-4678-85DA-F3C47B06D8FA}"
EndProject
Global
	GlobalSection(SolutionConfigurationPlatforms) = preSolution
		Debug|Any CPU = Debug|Any CPU
		Release|Any CPU = Release|Any CPU
	EndGlobalSection
	GlobalSection(ProjectConfigurationPlatforms) = postSolution
		{3DAD65BA-C621-4678-85DA-F3C47B06D8FA}.Debug|Any CPU.ActiveCfg = Debug|Any CPU
		{3DAD65BA-C621-4678-85DA-F3C47B06D8FA}.Debug|Any CPU.Build.0 = Debug|Any CPU
		{3DAD65BA-C621-4678-85DA-F3C47B06D8FA}.Release|Any CPU.ActiveCfg = Release|Any CPU
		{3DAD65BA-C621-4678-85DA-F3C47B06D8FA}.Release|Any CPU.Build.0 = Release|Any CPU
	EndGlobalSection
	GlobalSection(SolutionProperties) = preSolution
		HideSolutionNode = FALSE
	EndGlobalSection
	GlobalSection(ExtensibilityGlobals) = postSolution
		SolutionGuid = {9191A3D7-CB08-45DB-897C-DE5A8013E7F3}
	EndGlobalSection
EndGlobal
